
Microsoft Visual Studio Solution File, Format Version 12.00
# Visual Studio Version 17
VisualStudioVersion = 17.3.32825.248
MinimumVisualStudioVersion = 10.0.40219.1
Project("{9092AA53-FB77-4645-B42D-1CCCA6BD08BD}") = "website-test", "website-test.njsproj", "{CABB1FFC-3777-44E3-A663-54C080269181}"
EndProject
Global
	GlobalSection(SolutionConfigurationPlatforms) = preSolution
		Debug|Any CPU = Debug|Any CPU
		Release|Any CPU = Release|Any CPU
	EndGlobalSection
	GlobalSection(ProjectConfigurationPlatforms) = postSolution
		{CABB1FFC-3777-44E3-A663-54C080269181}.Debug|Any CPU.ActiveCfg = Debug|Any CPU
		{CABB1FFC-3777-44E3-A663-54C080269181}.Debug|Any CPU.Build.0 = Debug|Any CPU
		{CABB1FFC-3777-44E3-A663-54C080269181}.Release|Any CPU.ActiveCfg = Release|Any CPU
		{CABB1FFC-3777-44E3-A663-54C080269181}.Release|Any CPU.Build.0 = Release|Any CPU
	EndGlobalSection
	GlobalSection(SolutionProperties) = preSolution
		HideSolutionNode = FALSE
	EndGlobalSection
	GlobalSection(ExtensibilityGlobals) = postSolution
		SolutionGuid = {2A19D47F-CE94-450A-94CC-4DE52997D707}
	EndGlobalSection
EndGlobal
